# THIS IS AN AUTOGENERATED FILE. DO NOT EDIT THIS FILE DIRECTLY.
# yarn lockfile v1


"@fontsource/outfit@5.0.1":
  version "5.0.1"
  resolved "https://registry.yarnpkg.com/@fontsource/outfit/-/outfit-5.0.1.tgz#86f9d4ffabcae4fcf689c9be35101366319c6950"
  integrity sha512-j/yjO2RTs7XKRWQWVTV8+T2xvbVTMYYwKU/QC+5DuEIHBMY7Y1gJfNDXRTAvVADVCJRG5FNFYlJwmVOuHEmIxw==

"@fontsource/roboto@5.0.13":
  version "5.0.13"
  resolved "https://registry.yarnpkg.com/@fontsource/roboto/-/roboto-5.0.13.tgz#2d6ec431a2f9dfe38ca76525c2d6bf12241f575b"
  integrity sha512-j61DHjsdUCKMXSdNLTOxcG701FWnF0jcqNNQi2iPCDxU8seN/sMxeh62dC++UiagCWq9ghTypX+Pcy7kX+QOeQ==
